
Microsoft Visual Studio Solution File, Format Version 12.00
# Visual Studio 15
VisualStudioVersion = 15.0.27703.2042
MinimumVisualStudioVersion = 10.0.40219.1
Project("{FAE04EC0-301F-11D3-BF4B-00C04F79EFBC}") = "Mod3_Lab2", "Mod3_Lab2\Mod3_Lab2.csproj", "{A8E7796A-D75A-4DFF-B4C1-7587E2BABAC9}"
EndProject
Global
	GlobalSection(SolutionConfigurationPlatforms) = preSolution
		Debug|Any CPU = Debug|Any CPU
		Release|Any CPU = Release|Any CPU
	EndGlobalSection
	GlobalSection(ProjectConfigurationPlatforms) = postSolution
		{A8E7796A-D75A-4DFF-B4C1-7587E2BABAC9}.Debug|Any CPU.ActiveCfg = Debug|Any CPU
		{A8E7796A-D75A-4DFF-B4C1-7587E2BABAC9}.Debug|Any CPU.Build.0 = Debug|Any CPU
		{A8E7796A-D75A-4DFF-B4C1-7587E2BABAC9}.Release|Any CPU.ActiveCfg = Release|Any CPU
		{A8E7796A-D75A-4DFF-B4C1-7587E2BABAC9}.Release|Any CPU.Build.0 = Release|Any CPU
	EndGlobalSection
	GlobalSection(SolutionProperties) = preSolution
		HideSolutionNode = FALSE
	EndGlobalSection
	GlobalSection(ExtensibilityGlobals) = postSolution
		SolutionGuid = {A522DC80-662A-4CDD-BAB5-865DB05140BA}
	EndGlobalSection
EndGlobal
